
Microsoft Visual Studio Solution File, Format Version 12.00
# Visual Studio Version 16
VisualStudioVersion = 16.0.30011.22
MinimumVisualStudioVersion = 10.0.40219.1
Project("{FAE04EC0-301F-11D3-BF4B-00C04F79EFBC}") = "TestSite", "TestSite\TestSite.csproj", "{93A4C41D-975C-48C4-8565-806052225610}"
EndProject
Project("{FAE04EC0-301F-11D3-BF4B-00C04F79EFBC}") = "UmbracoForms.hCaptcha", "UmbracoForms.hCaptcha\UmbracoForms.hCaptcha.csproj", "{EB1D32F5-D3D0-440E-B71E-EE08566F7D30}"
EndProject
Global
	GlobalSection(SolutionConfigurationPlatforms) = preSolution
		Debug|Any CPU = Debug|Any CPU
		Release|Any CPU = Release|Any CPU
	EndGlobalSection
	GlobalSection(ProjectConfigurationPlatforms) = postSolution
		{93A4C41D-975C-48C4-8565-806052225610}.Debug|Any CPU.ActiveCfg = Debug|Any CPU
		{93A4C41D-975C-48C4-8565-806052225610}.Debug|Any CPU.Build.0 = Debug|Any CPU
		{93A4C41D-975C-48C4-8565-806052225610}.Release|Any CPU.ActiveCfg = Release|Any CPU
		{93A4C41D-975C-48C4-8565-806052225610}.Release|Any CPU.Build.0 = Release|Any CPU
		{EB1D32F5-D3D0-440E-B71E-EE08566F7D30}.Debug|Any CPU.ActiveCfg = Debug|Any CPU
		{EB1D32F5-D3D0-440E-B71E-EE08566F7D30}.Debug|Any CPU.Build.0 = Debug|Any CPU
		{EB1D32F5-D3D0-440E-B71E-EE08566F7D30}.Release|Any CPU.ActiveCfg = Release|Any CPU
		{EB1D32F5-D3D0-440E-B71E-EE08566F7D30}.Release|Any CPU.Build.0 = Release|Any CPU
	EndGlobalSection
	GlobalSection(SolutionProperties) = preSolution
		HideSolutionNode = FALSE
	EndGlobalSection
	GlobalSection(ExtensibilityGlobals) = postSolution
		SolutionGuid = {CDEF4BB9-9B3B-4EF3-9D43-9557A41051AB}
	EndGlobalSection
EndGlobal
